
Microsoft Visual Studio Solution File, Format Version 12.00
# Visual Studio 15
VisualStudioVersion = 15.0.26228.9
MinimumVisualStudioVersion = 10.0.40219.1
Project("{FAE04EC0-301F-11D3-BF4B-00C04F79EFBC}") = "RandomNumberHomework", "RandomNumberHomework\RandomNumberHomework.csproj", "{69FD3DEB-FC38-45CF-9EDE-DE2155660FDB}"
EndProject
Global
	GlobalSection(SolutionConfigurationPlatforms) = preSolution
		Debug|Any CPU = Debug|Any CPU
		Release|Any CPU = Release|Any CPU
	EndGlobalSection
	GlobalSection(ProjectConfigurationPlatforms) = postSolution
		{69FD3DEB-FC38-45CF-9EDE-DE2155660FDB}.Debug|Any CPU.ActiveCfg = Debug|Any CPU
		{69FD3DEB-FC38-45CF-9EDE-DE2155660FDB}.Debug|Any CPU.Build.0 = Debug|Any CPU
		{69FD3DEB-FC38-45CF-9EDE-DE2155660FDB}.Release|Any CPU.ActiveCfg = Release|Any CPU
		{69FD3DEB-FC38-45CF-9EDE-DE2155660FDB}.Release|Any CPU.Build.0 = Release|Any CPU
	EndGlobalSection
	GlobalSection(SolutionProperties) = preSolution
		HideSolutionNode = FALSE
	EndGlobalSection
EndGlobal
